
Microsoft Visual Studio Solution File, Format Version 12.00
# Visual Studio Version 17
VisualStudioVersion = 17.14.36705.20
MinimumVisualStudioVersion = 10.0.40219.1
Project("{FAE04EC0-301F-11D3-BF4B-00C04F79EFBC}") = "RegressionAnalysis", "RegressionAnalysis\RegressionAnalysis.csproj", "{941D16A1-3359-46F0-A5BC-C3AF8431CA9A}"
EndProject
Project("{FAE04EC0-301F-11D3-BF4B-00C04F79EFBC}") = "AnalysisSource", "AnalysisSource\AnalysisSource.csproj", "{B8A7079F-6178-BC73-8B51-5735EF2BBF61}"
EndProject
Global
	GlobalSection(SolutionConfigurationPlatforms) = preSolution
		Debug|Any CPU = Debug|Any CPU
		Release|Any CPU = Release|Any CPU
	EndGlobalSection
	GlobalSection(ProjectConfigurationPlatforms) = postSolution
		{941D16A1-3359-46F0-A5BC-C3AF8431CA9A}.Debug|Any CPU.ActiveCfg = Debug|Any CPU
		{941D16A1-3359-46F0-A5BC-C3AF8431CA9A}.Debug|Any CPU.Build.0 = Debug|Any CPU
		{941D16A1-3359-46F0-A5BC-C3AF8431CA9A}.Release|Any CPU.ActiveCfg = Release|Any CPU
		{941D16A1-3359-46F0-A5BC-C3AF8431CA9A}.Release|Any CPU.Build.0 = Release|Any CPU
		{B8A7079F-6178-BC73-8B51-5735EF2BBF61}.Debug|Any CPU.ActiveCfg = Debug|Any CPU
		{B8A7079F-6178-BC73-8B51-5735EF2BBF61}.Debug|Any CPU.Build.0 = Debug|Any CPU
		{B8A7079F-6178-BC73-8B51-5735EF2BBF61}.Release|Any CPU.ActiveCfg = Release|Any CPU
		{B8A7079F-6178-BC73-8B51-5735EF2BBF61}.Release|Any CPU.Build.0 = Release|Any CPU
	EndGlobalSection
	GlobalSection(SolutionProperties) = preSolution
		HideSolutionNode = FALSE
	EndGlobalSection
	GlobalSection(ExtensibilityGlobals) = postSolution
		SolutionGuid = {A843F15D-76EA-4F46-80A2-372EADBD3501}
	EndGlobalSection
EndGlobal
